
Microsoft Visual Studio Solution File, Format Version 12.00
# Visual Studio 15
VisualStudioVersion = 15.0.28307.902
MinimumVisualStudioVersion = 10.0.40219.1
Project("{FAE04EC0-301F-11D3-BF4B-00C04F79EFBC}") = "AppLogin", "AppLogin\AppLogin.csproj", "{BEF2E56C-9FBE-49D9-BB49-5416E6769FFD}"
EndProject
Global
	GlobalSection(SolutionConfigurationPlatforms) = preSolution
		Debug|Any CPU = Debug|Any CPU
		Release|Any CPU = Release|Any CPU
	EndGlobalSection
	GlobalSection(ProjectConfigurationPlatforms) = postSolution
		{BEF2E56C-9FBE-49D9-BB49-5416E6769FFD}.Debug|Any CPU.ActiveCfg = Debug|Any CPU
		{BEF2E56C-9FBE-49D9-BB49-5416E6769FFD}.Debug|Any CPU.Build.0 = Debug|Any CPU
		{BEF2E56C-9FBE-49D9-BB49-5416E6769FFD}.Release|Any CPU.ActiveCfg = Release|Any CPU
		{BEF2E56C-9FBE-49D9-BB49-5416E6769FFD}.Release|Any CPU.Build.0 = Release|Any CPU
	EndGlobalSection
	GlobalSection(SolutionProperties) = preSolution
		HideSolutionNode = FALSE
	EndGlobalSection
	GlobalSection(ExtensibilityGlobals) = postSolution
		SolutionGuid = {87CF1B19-C1C2-4508-B2E7-12A25B56ABF9}
	EndGlobalSection
EndGlobal
